
Microsoft Visual Studio Solution File, Format Version 12.00
# Visual Studio Version 16
VisualStudioVersion = 16.0.31624.102
MinimumVisualStudioVersion = 10.0.40219.1
Project("{9A19103F-16F7-4668-BE54-9A1E7A4F7556}") = "PruebaGestionVentas.Server", "PruebaGestionVentas\Server\PruebaGestionVentas.Server.csproj", "{ED10362A-E9A3-4504-87F8-E3E1D15D5519}"
EndProject
Project("{9A19103F-16F7-4668-BE54-9A1E7A4F7556}") = "PruebaGestionVentas.Client", "PruebaGestionVentas\Client\PruebaGestionVentas.Client.csproj", "{7477C337-E004-4AB9-AF7B-4336F642B9C1}"
EndProject
Project("{9A19103F-16F7-4668-BE54-9A1E7A4F7556}") = "PruebaGestionVentas.Shared", "PruebaGestionVentas\Shared\PruebaGestionVentas.Shared.csproj", "{1FB88CAE-408B-42D6-95D9-266DC1340430}"
EndProject
Global
	GlobalSection(SolutionConfigurationPlatforms) = preSolution
		Debug|Any CPU = Debug|Any CPU
		Release|Any CPU = Release|Any CPU
	EndGlobalSection
	GlobalSection(ProjectConfigurationPlatforms) = postSolution
		{ED10362A-E9A3-4504-87F8-E3E1D15D5519}.Debug|Any CPU.ActiveCfg = Debug|Any CPU
		{ED10362A-E9A3-4504-87F8-E3E1D15D5519}.Debug|Any CPU.Build.0 = Debug|Any CPU
		{ED10362A-E9A3-4504-87F8-E3E1D15D5519}.Release|Any CPU.ActiveCfg = Release|Any CPU
		{ED10362A-E9A3-4504-87F8-E3E1D15D5519}.Release|Any CPU.Build.0 = Release|Any CPU
		{7477C337-E004-4AB9-AF7B-4336F642B9C1}.Debug|Any CPU.ActiveCfg = Debug|Any CPU
		{7477C337-E004-4AB9-AF7B-4336F642B9C1}.Debug|Any CPU.Build.0 = Debug|Any CPU
		{7477C337-E004-4AB9-AF7B-4336F642B9C1}.Release|Any CPU.ActiveCfg = Release|Any CPU
		{7477C337-E004-4AB9-AF7B-4336F642B9C1}.Release|Any CPU.Build.0 = Release|Any CPU
		{1FB88CAE-408B-42D6-95D9-266DC1340430}.Debug|Any CPU.ActiveCfg = Debug|Any CPU
		{1FB88CAE-408B-42D6-95D9-266DC1340430}.Debug|Any CPU.Build.0 = Debug|Any CPU
		{1FB88CAE-408B-42D6-95D9-266DC1340430}.Release|Any CPU.ActiveCfg = Release|Any CPU
		{1FB88CAE-408B-42D6-95D9-266DC1340430}.Release|Any CPU.Build.0 = Release|Any CPU
	EndGlobalSection
	GlobalSection(SolutionProperties) = preSolution
		HideSolutionNode = FALSE
	EndGlobalSection
	GlobalSection(ExtensibilityGlobals) = postSolution
		SolutionGuid = {7BD5910B-9181-4C00-96E5-5F0052D57FD5}
	EndGlobalSection
EndGlobal
